
Microsoft Visual Studio Solution File, Format Version 12.00
# Visual Studio 15
VisualStudioVersion = 15.0.26124.0
MinimumVisualStudioVersion = 15.0.26124.0
Project("{FAE04EC0-301F-11D3-BF4B-00C04F79EFBC}") = "WinForm", "WinForm\WinForm.csproj", "{6FB77B48-9AA4-48BE-8217-B9738D025A94}"
EndProject
Project("{FAE04EC0-301F-11D3-BF4B-00C04F79EFBC}") = "Models", "Models\Models.csproj", "{2131B4B6-6623-48E9-9CD6-43674C7E7B95}"
EndProject
Project("{FAE04EC0-301F-11D3-BF4B-00C04F79EFBC}") = "Console", "Console\Console.csproj", "{50DC77F2-3258-4CED-AB44-EC5DCDA7B74B}"
EndProject
Project("{FAE04EC0-301F-11D3-BF4B-00C04F79EFBC}") = "Test", "Test\Test.csproj", "{4A46C3F4-8491-4468-87A3-F065356629DD}"
EndProject
Global
	GlobalSection(SolutionConfigurationPlatforms) = preSolution
		Debug|Any CPU = Debug|Any CPU
		Debug|x64 = Debug|x64
		Debug|x86 = Debug|x86
		Release|Any CPU = Release|Any CPU
		Release|x64 = Release|x64
		Release|x86 = Release|x86
	EndGlobalSection
	GlobalSection(SolutionProperties) = preSolution
		HideSolutionNode = FALSE
	EndGlobalSection
	GlobalSection(ProjectConfigurationPlatforms) = postSolution
		{6FB77B48-9AA4-48BE-8217-B9738D025A94}.Debug|Any CPU.ActiveCfg = Debug|Any CPU
		{6FB77B48-9AA4-48BE-8217-B9738D025A94}.Debug|Any CPU.Build.0 = Debug|Any CPU
		{6FB77B48-9AA4-48BE-8217-B9738D025A94}.Debug|x64.ActiveCfg = Debug|Any CPU
		{6FB77B48-9AA4-48BE-8217-B9738D025A94}.Debug|x64.Build.0 = Debug|Any CPU
		{6FB77B48-9AA4-48BE-8217-B9738D025A94}.Debug|x86.ActiveCfg = Debug|Any CPU
		{6FB77B48-9AA4-48BE-8217-B9738D025A94}.Debug|x86.Build.0 = Debug|Any CPU
		{6FB77B48-9AA4-48BE-8217-B9738D025A94}.Release|Any CPU.ActiveCfg = Release|Any CPU
		{6FB77B48-9AA4-48BE-8217-B9738D025A94}.Release|Any CPU.Build.0 = Release|Any CPU
		{6FB77B48-9AA4-48BE-8217-B9738D025A94}.Release|x64.ActiveCfg = Release|Any CPU
		{6FB77B48-9AA4-48BE-8217-B9738D025A94}.Release|x64.Build.0 = Release|Any CPU
		{6FB77B48-9AA4-48BE-8217-B9738D025A94}.Release|x86.ActiveCfg = Release|Any CPU
		{6FB77B48-9AA4-48BE-8217-B9738D025A94}.Release|x86.Build.0 = Release|Any CPU
		{2131B4B6-6623-48E9-9CD6-43674C7E7B95}.Debug|Any CPU.ActiveCfg = Debug|Any CPU
		{2131B4B6-6623-48E9-9CD6-43674C7E7B95}.Debug|Any CPU.Build.0 = Debug|Any CPU
		{2131B4B6-6623-48E9-9CD6-43674C7E7B95}.Debug|x64.ActiveCfg = Debug|Any CPU
		{2131B4B6-6623-48E9-9CD6-43674C7E7B95}.Debug|x64.Build.0 = Debug|Any CPU
		{2131B4B6-6623-48E9-9CD6-43674C7E7B95}.Debug|x86.ActiveCfg = Debug|Any CPU
		{2131B4B6-6623-48E9-9CD6-43674C7E7B95}.Debug|x86.Build.0 = Debug|Any CPU
		{2131B4B6-6623-48E9-9CD6-43674C7E7B95}.Release|Any CPU.ActiveCfg = Release|Any CPU
		{2131B4B6-6623-48E9-9CD6-43674C7E7B95}.Release|Any CPU.Build.0 = Release|Any CPU
		{2131B4B6-6623-48E9-9CD6-43674C7E7B95}.Release|x64.ActiveCfg = Release|Any CPU
		{2131B4B6-6623-48E9-9CD6-43674C7E7B95}.Release|x64.Build.0 = Release|Any CPU
		{2131B4B6-6623-48E9-9CD6-43674C7E7B95}.Release|x86.ActiveCfg = Release|Any CPU
		{2131B4B6-6623-48E9-9CD6-43674C7E7B95}.Release|x86.Build.0 = Release|Any CPU
		{50DC77F2-3258-4CED-AB44-EC5DCDA7B74B}.Debug|Any CPU.ActiveCfg = Debug|Any CPU
		{50DC77F2-3258-4CED-AB44-EC5DCDA7B74B}.Debug|Any CPU.Build.0 = Debug|Any CPU
		{50DC77F2-3258-4CED-AB44-EC5DCDA7B74B}.Debug|x64.ActiveCfg = Debug|Any CPU
		{50DC77F2-3258-4CED-AB44-EC5DCDA7B74B}.Debug|x64.Build.0 = Debug|Any CPU
		{50DC77F2-3258-4CED-AB44-EC5DCDA7B74B}.Debug|x86.ActiveCfg = Debug|Any CPU
		{50DC77F2-3258-4CED-AB44-EC5DCDA7B74B}.Debug|x86.Build.0 = Debug|Any CPU
		{50DC77F2-3258-4CED-AB44-EC5DCDA7B74B}.Release|Any CPU.ActiveCfg = Release|Any CPU
		{50DC77F2-3258-4CED-AB44-EC5DCDA7B74B}.Release|Any CPU.Build.0 = Release|Any CPU
		{50DC77F2-3258-4CED-AB44-EC5DCDA7B74B}.Release|x64.ActiveCfg = Release|Any CPU
		{50DC77F2-3258-4CED-AB44-EC5DCDA7B74B}.Release|x64.Build.0 = Release|Any CPU
		{50DC77F2-3258-4CED-AB44-EC5DCDA7B74B}.Release|x86.ActiveCfg = Release|Any CPU
		{50DC77F2-3258-4CED-AB44-EC5DCDA7B74B}.Release|x86.Build.0 = Release|Any CPU
		{4A46C3F4-8491-4468-87A3-F065356629DD}.Debug|Any CPU.ActiveCfg = Debug|Any CPU
		{4A46C3F4-8491-4468-87A3-F065356629DD}.Debug|Any CPU.Build.0 = Debug|Any CPU
		{4A46C3F4-8491-4468-87A3-F065356629DD}.Debug|x64.ActiveCfg = Debug|Any CPU
		{4A46C3F4-8491-4468-87A3-F065356629DD}.Debug|x64.Build.0 = Debug|Any CPU
		{4A46C3F4-8491-4468-87A3-F065356629DD}.Debug|x86.ActiveCfg = Debug|Any CPU
		{4A46C3F4-8491-4468-87A3-F065356629DD}.Debug|x86.Build.0 = Debug|Any CPU
		{4A46C3F4-8491-4468-87A3-F065356629DD}.Release|Any CPU.ActiveCfg = Release|Any CPU
		{4A46C3F4-8491-4468-87A3-F065356629DD}.Release|Any CPU.Build.0 = Release|Any CPU
		{4A46C3F4-8491-4468-87A3-F065356629DD}.Release|x64.ActiveCfg = Release|Any CPU
		{4A46C3F4-8491-4468-87A3-F065356629DD}.Release|x64.Build.0 = Release|Any CPU
		{4A46C3F4-8491-4468-87A3-F065356629DD}.Release|x86.ActiveCfg = Release|Any CPU
		{4A46C3F4-8491-4468-87A3-F065356629DD}.Release|x86.Build.0 = Release|Any CPU
	EndGlobalSection
EndGlobal
